
Microsoft Visual Studio Solution File, Format Version 12.00
# Visual Studio Version 17
VisualStudioVersion = 17.11.35222.181
MinimumVisualStudioVersion = 10.0.40219.1
Project("{FAE04EC0-301F-11D3-BF4B-00C04F79EFBC}") = "ClassObj231024", "ClassObj231024\ClassObj231024.csproj", "{414D081A-7D4C-4796-86B9-39A75B8172DA}"
EndProject
Global
	GlobalSection(SolutionConfigurationPlatforms) = preSolution
		Debug|Any CPU = Debug|Any CPU
		Release|Any CPU = Release|Any CPU
	EndGlobalSection
	GlobalSection(ProjectConfigurationPlatforms) = postSolution
		{414D081A-7D4C-4796-86B9-39A75B8172DA}.Debug|Any CPU.ActiveCfg = Debug|Any CPU
		{414D081A-7D4C-4796-86B9-39A75B8172DA}.Debug|Any CPU.Build.0 = Debug|Any CPU
		{414D081A-7D4C-4796-86B9-39A75B8172DA}.Release|Any CPU.ActiveCfg = Release|Any CPU
		{414D081A-7D4C-4796-86B9-39A75B8172DA}.Release|Any CPU.Build.0 = Release|Any CPU
	EndGlobalSection
	GlobalSection(SolutionProperties) = preSolution
		HideSolutionNode = FALSE
	EndGlobalSection
	GlobalSection(ExtensibilityGlobals) = postSolution
		SolutionGuid = {C0A23034-5B09-4AB8-9299-3F74CCA9D158}
	EndGlobalSection
EndGlobal
